
Microsoft Visual Studio Solution File, Format Version 12.00
# Visual Studio Version 16
VisualStudioVersion = 16.0.30804.86
MinimumVisualStudioVersion = 10.0.40219.1
Project("{FAE04EC0-301F-11D3-BF4B-00C04F79EFBC}") = "VFoods", "VFoods\VFoods.csproj", "{B5C21D84-2938-41F6-959D-03C3BA686320}"
EndProject
Global
	GlobalSection(SolutionConfigurationPlatforms) = preSolution
		Debug|Any CPU = Debug|Any CPU
		Release|Any CPU = Release|Any CPU
	EndGlobalSection
	GlobalSection(ProjectConfigurationPlatforms) = postSolution
		{B5C21D84-2938-41F6-959D-03C3BA686320}.Debug|Any CPU.ActiveCfg = Debug|Any CPU
		{B5C21D84-2938-41F6-959D-03C3BA686320}.Debug|Any CPU.Build.0 = Debug|Any CPU
		{B5C21D84-2938-41F6-959D-03C3BA686320}.Release|Any CPU.ActiveCfg = Release|Any CPU
		{B5C21D84-2938-41F6-959D-03C3BA686320}.Release|Any CPU.Build.0 = Release|Any CPU
	EndGlobalSection
	GlobalSection(SolutionProperties) = preSolution
		HideSolutionNode = FALSE
	EndGlobalSection
	GlobalSection(ExtensibilityGlobals) = postSolution
		SolutionGuid = {96298953-863E-4174-81A1-5A986431A41C}
	EndGlobalSection
EndGlobal
